
Microsoft Visual Studio Solution File, Format Version 12.00
# Visual Studio Version 17
VisualStudioVersion = 17.9.34728.123
MinimumVisualStudioVersion = 10.0.40219.1
Project("{FAE04EC0-301F-11D3-BF4B-00C04F79EFBC}") = "WebApiLibrary", "WebApiLibrary.csproj", "{B4442B60-7532-4D7F-AB8F-7D869E3DFD40}"
EndProject
Global
	GlobalSection(SolutionConfigurationPlatforms) = preSolution
		Debug|Any CPU = Debug|Any CPU
		Release|Any CPU = Release|Any CPU
	EndGlobalSection
	GlobalSection(ProjectConfigurationPlatforms) = postSolution
		{B4442B60-7532-4D7F-AB8F-7D869E3DFD40}.Debug|Any CPU.ActiveCfg = Debug|Any CPU
		{B4442B60-7532-4D7F-AB8F-7D869E3DFD40}.Debug|Any CPU.Build.0 = Debug|Any CPU
		{B4442B60-7532-4D7F-AB8F-7D869E3DFD40}.Release|Any CPU.ActiveCfg = Release|Any CPU
		{B4442B60-7532-4D7F-AB8F-7D869E3DFD40}.Release|Any CPU.Build.0 = Release|Any CPU
	EndGlobalSection
	GlobalSection(SolutionProperties) = preSolution
		HideSolutionNode = FALSE
	EndGlobalSection
	GlobalSection(ExtensibilityGlobals) = postSolution
		SolutionGuid = {BB2874C5-5883-4B48-9491-42D5D98A8F3C}
	EndGlobalSection
EndGlobal
